
Microsoft Visual Studio Solution File, Format Version 12.00
# Visual Studio 15
VisualStudioVersion = 15.0.26228.9
MinimumVisualStudioVersion = 10.0.40219.1
Project("{2150E333-8FDC-42A3-9474-1A3956D46DE8}") = "src", "src", "{AFAA0841-BD93-466F-B8F4-FB4EEC86F1FC}"
EndProject
Project("{2150E333-8FDC-42A3-9474-1A3956D46DE8}") = "test", "test", "{F10AA149-2626-486E-85BB-9CD5365F3016}"
EndProject
Project("{9A19103F-16F7-4668-BE54-9A1E7A4F7556}") = "HM.Cloud.Web", "src\HM.Cloud.Web\HM.Cloud.Web.csproj", "{A2213374-BB48-48FD-BBD4-81E6A961D866}"
EndProject
Project("{9A19103F-16F7-4668-BE54-9A1E7A4F7556}") = "HM.Cloud.Core", "src\HM.Cloud.Core\HM.Cloud.Core.csproj", "{0FA75A5B-AB83-4FD0-B545-279774C01E87}"
EndProject
Project("{9A19103F-16F7-4668-BE54-9A1E7A4F7556}") = "HM.Cloud.Application", "src\HM.Cloud.Application\HM.Cloud.Application.csproj", "{3870C648-4AEA-4B85-BA3F-F2F63B96136A}"
EndProject
Project("{9A19103F-16F7-4668-BE54-9A1E7A4F7556}") = "HM.Cloud.EntityFrameworkCore", "src\HM.Cloud.EntityFrameworkCore\HM.Cloud.EntityFrameworkCore.csproj", "{DC780BC4-4EAC-4C63-9052-6F3169A59FA4}"
EndProject
Project("{9A19103F-16F7-4668-BE54-9A1E7A4F7556}") = "HM.Cloud.Tests", "test\HM.Cloud.Tests\HM.Cloud.Tests.csproj", "{0D4C5D00-C144-4213-A007-4B8944113AB1}"
EndProject
Project("{9A19103F-16F7-4668-BE54-9A1E7A4F7556}") = "HM.Cloud.Web.Tests", "test\HM.Cloud.Web.Tests\HM.Cloud.Web.Tests.csproj", "{5D441612-29CA-4DAD-9945-B9DE11CE026C}"
EndProject
Project("{2150E333-8FDC-42A3-9474-1A3956D46DE8}") = "doc", "doc", "{E7FBFD0A-7FEA-44E9-85B0-65DB3146755E}"
	ProjectSection(SolutionItems) = preProject
		.gitattributes = .gitattributes
		.gitignore = .gitignore
		README.md = README.md
	EndProjectSection
EndProject
Project("{E24C65DC-7377-472B-9ABA-BC803B73C61A}") = "HM.GitBook.Dev", "src\HM.GitBook.Dev\", "{E27D98F1-ABC2-4F07-B157-55E8E5CCF1ED}"
	ProjectSection(WebsiteProperties) = preProject
		TargetFrameworkMoniker = ".NETFramework,Version%3Dv4.0"
		Debug.AspNetCompiler.VirtualPath = "/localhost_1345"
		Debug.AspNetCompiler.PhysicalPath = "src\HM.GitBook.Dev\"
		Debug.AspNetCompiler.TargetPath = "PrecompiledWeb\localhost_1345\"
		Debug.AspNetCompiler.Updateable = "true"
		Debug.AspNetCompiler.ForceOverwrite = "true"
		Debug.AspNetCompiler.FixedNames = "false"
		Debug.AspNetCompiler.Debug = "True"
		Release.AspNetCompiler.VirtualPath = "/localhost_1345"
		Release.AspNetCompiler.PhysicalPath = "src\HM.GitBook.Dev\"
		Release.AspNetCompiler.TargetPath = "PrecompiledWeb\localhost_1345\"
		Release.AspNetCompiler.Updateable = "true"
		Release.AspNetCompiler.ForceOverwrite = "true"
		Release.AspNetCompiler.FixedNames = "false"
		Release.AspNetCompiler.Debug = "False"
		VWDPort = "1345"
		SlnRelativePath = "src\HM.GitBook.Dev\"
	EndProjectSection
EndProject
Project("{9A19103F-16F7-4668-BE54-9A1E7A4F7556}") = "Zeje.Utils", "Zeje.Utils\Zeje.Utils.csproj", "{4C067634-F79E-4099-9201-4122915C8DD4}"
EndProject
Project("{9A19103F-16F7-4668-BE54-9A1E7A4F7556}") = "Zeje.Core", "Zeje.Core\Zeje.Core.csproj", "{DBF443D0-EF1A-46FA-9FC2-EBA5C1DA062B}"
EndProject
Global
	GlobalSection(SolutionConfigurationPlatforms) = preSolution
		Debug|Any CPU = Debug|Any CPU
		Release|Any CPU = Release|Any CPU
	EndGlobalSection
	GlobalSection(ProjectConfigurationPlatforms) = postSolution
		{A2213374-BB48-48FD-BBD4-81E6A961D866}.Debug|Any CPU.ActiveCfg = Debug|Any CPU
		{A2213374-BB48-48FD-BBD4-81E6A961D866}.Debug|Any CPU.Build.0 = Debug|Any CPU
		{A2213374-BB48-48FD-BBD4-81E6A961D866}.Release|Any CPU.ActiveCfg = Release|Any CPU
		{A2213374-BB48-48FD-BBD4-81E6A961D866}.Release|Any CPU.Build.0 = Release|Any CPU
		{0FA75A5B-AB83-4FD0-B545-279774C01E87}.Debug|Any CPU.ActiveCfg = Debug|Any CPU
		{0FA75A5B-AB83-4FD0-B545-279774C01E87}.Debug|Any CPU.Build.0 = Debug|Any CPU
		{0FA75A5B-AB83-4FD0-B545-279774C01E87}.Release|Any CPU.ActiveCfg = Release|Any CPU
		{0FA75A5B-AB83-4FD0-B545-279774C01E87}.Release|Any CPU.Build.0 = Release|Any CPU
		{3870C648-4AEA-4B85-BA3F-F2F63B96136A}.Debug|Any CPU.ActiveCfg = Debug|Any CPU
		{3870C648-4AEA-4B85-BA3F-F2F63B96136A}.Debug|Any CPU.Build.0 = Debug|Any CPU
		{3870C648-4AEA-4B85-BA3F-F2F63B96136A}.Release|Any CPU.ActiveCfg = Release|Any CPU
		{3870C648-4AEA-4B85-BA3F-F2F63B96136A}.Release|Any CPU.Build.0 = Release|Any CPU
		{DC780BC4-4EAC-4C63-9052-6F3169A59FA4}.Debug|Any CPU.ActiveCfg = Debug|Any CPU
		{DC780BC4-4EAC-4C63-9052-6F3169A59FA4}.Debug|Any CPU.Build.0 = Debug|Any CPU
		{DC780BC4-4EAC-4C63-9052-6F3169A59FA4}.Release|Any CPU.ActiveCfg = Release|Any CPU
		{DC780BC4-4EAC-4C63-9052-6F3169A59FA4}.Release|Any CPU.Build.0 = Release|Any CPU
		{0D4C5D00-C144-4213-A007-4B8944113AB1}.Debug|Any CPU.ActiveCfg = Debug|Any CPU
		{0D4C5D00-C144-4213-A007-4B8944113AB1}.Debug|Any CPU.Build.0 = Debug|Any CPU
		{0D4C5D00-C144-4213-A007-4B8944113AB1}.Release|Any CPU.ActiveCfg = Release|Any CPU
		{0D4C5D00-C144-4213-A007-4B8944113AB1}.Release|Any CPU.Build.0 = Release|Any CPU
		{5D441612-29CA-4DAD-9945-B9DE11CE026C}.Debug|Any CPU.ActiveCfg = Debug|Any CPU
		{5D441612-29CA-4DAD-9945-B9DE11CE026C}.Debug|Any CPU.Build.0 = Debug|Any CPU
		{5D441612-29CA-4DAD-9945-B9DE11CE026C}.Release|Any CPU.ActiveCfg = Release|Any CPU
		{5D441612-29CA-4DAD-9945-B9DE11CE026C}.Release|Any CPU.Build.0 = Release|Any CPU
		{E27D98F1-ABC2-4F07-B157-55E8E5CCF1ED}.Debug|Any CPU.ActiveCfg = Debug|Any CPU
		{E27D98F1-ABC2-4F07-B157-55E8E5CCF1ED}.Debug|Any CPU.Build.0 = Debug|Any CPU
		{E27D98F1-ABC2-4F07-B157-55E8E5CCF1ED}.Release|Any CPU.ActiveCfg = Debug|Any CPU
		{E27D98F1-ABC2-4F07-B157-55E8E5CCF1ED}.Release|Any CPU.Build.0 = Debug|Any CPU
		{4C067634-F79E-4099-9201-4122915C8DD4}.Debug|Any CPU.ActiveCfg = Debug|Any CPU
		{4C067634-F79E-4099-9201-4122915C8DD4}.Debug|Any CPU.Build.0 = Debug|Any CPU
		{4C067634-F79E-4099-9201-4122915C8DD4}.Release|Any CPU.ActiveCfg = Release|Any CPU
		{4C067634-F79E-4099-9201-4122915C8DD4}.Release|Any CPU.Build.0 = Release|Any CPU
		{DBF443D0-EF1A-46FA-9FC2-EBA5C1DA062B}.Debug|Any CPU.ActiveCfg = Debug|Any CPU
		{DBF443D0-EF1A-46FA-9FC2-EBA5C1DA062B}.Debug|Any CPU.Build.0 = Debug|Any CPU
		{DBF443D0-EF1A-46FA-9FC2-EBA5C1DA062B}.Release|Any CPU.ActiveCfg = Release|Any CPU
		{DBF443D0-EF1A-46FA-9FC2-EBA5C1DA062B}.Release|Any CPU.Build.0 = Release|Any CPU
	EndGlobalSection
	GlobalSection(SolutionProperties) = preSolution
		HideSolutionNode = FALSE
	EndGlobalSection
	GlobalSection(NestedProjects) = preSolution
		{A2213374-BB48-48FD-BBD4-81E6A961D866} = {AFAA0841-BD93-466F-B8F4-FB4EEC86F1FC}
		{0FA75A5B-AB83-4FD0-B545-279774C01E87} = {AFAA0841-BD93-466F-B8F4-FB4EEC86F1FC}
		{3870C648-4AEA-4B85-BA3F-F2F63B96136A} = {AFAA0841-BD93-466F-B8F4-FB4EEC86F1FC}
		{DC780BC4-4EAC-4C63-9052-6F3169A59FA4} = {AFAA0841-BD93-466F-B8F4-FB4EEC86F1FC}
		{0D4C5D00-C144-4213-A007-4B8944113AB1} = {F10AA149-2626-486E-85BB-9CD5365F3016}
		{5D441612-29CA-4DAD-9945-B9DE11CE026C} = {F10AA149-2626-486E-85BB-9CD5365F3016}
		{E27D98F1-ABC2-4F07-B157-55E8E5CCF1ED} = {E7FBFD0A-7FEA-44E9-85B0-65DB3146755E}
		{4C067634-F79E-4099-9201-4122915C8DD4} = {AFAA0841-BD93-466F-B8F4-FB4EEC86F1FC}
		{DBF443D0-EF1A-46FA-9FC2-EBA5C1DA062B} = {AFAA0841-BD93-466F-B8F4-FB4EEC86F1FC}
	EndGlobalSection
	GlobalSection(ExtensibilityGlobals) = postSolution
		SolutionGuid = {C5980763-D451-4A6A-92C7-BBA16EE36BE1}
	EndGlobalSection
EndGlobal
